
Microsoft Visual Studio Solution File, Format Version 12.00
# Visual Studio 2012
Project("{FAE04EC0-301F-11D3-BF4B-00C04F79EFBC}") = "DBBasics", "DBBasics\DBBasics.csproj", "{67CCAE32-A142-4E4C-8EBC-7E7977C4DB18}"
EndProject
Global
	GlobalSection(SolutionConfigurationPlatforms) = preSolution
		Debug|Any CPU = Debug|Any CPU
		Release|Any CPU = Release|Any CPU
	EndGlobalSection
	GlobalSection(ProjectConfigurationPlatforms) = postSolution
		{67CCAE32-A142-4E4C-8EBC-7E7977C4DB18}.Debug|Any CPU.ActiveCfg = Debug|Any CPU
		{67CCAE32-A142-4E4C-8EBC-7E7977C4DB18}.Debug|Any CPU.Build.0 = Debug|Any CPU
		{67CCAE32-A142-4E4C-8EBC-7E7977C4DB18}.Release|Any CPU.ActiveCfg = Release|Any CPU
		{67CCAE32-A142-4E4C-8EBC-7E7977C4DB18}.Release|Any CPU.Build.0 = Release|Any CPU
	EndGlobalSection
	GlobalSection(MonoDevelopProperties) = preSolution
		Policies = $0
		$0.DotNetNamingPolicy = $1
		$1.DirectoryNamespaceAssociation = None
		$1.ResourceNamePolicy = FileFormatDefault
	EndGlobalSection
EndGlobal
